
Microsoft Visual Studio Solution File, Format Version 12.00
# Visual Studio 15
VisualStudioVersion = 15.0.28010.2041
MinimumVisualStudioVersion = 10.0.40219.1
Project("{FAE04EC0-301F-11D3-BF4B-00C04F79EFBC}") = "SignalRYoutube", "SignalRYoutube\SignalRYoutube.csproj", "{33478D4E-5C81-4E98-AB7D-52B44F1024EF}"
EndProject
Global
	GlobalSection(SolutionConfigurationPlatforms) = preSolution
		Debug|Any CPU = Debug|Any CPU
		Release|Any CPU = Release|Any CPU
	EndGlobalSection
	GlobalSection(ProjectConfigurationPlatforms) = postSolution
		{33478D4E-5C81-4E98-AB7D-52B44F1024EF}.Debug|Any CPU.ActiveCfg = Debug|Any CPU
		{33478D4E-5C81-4E98-AB7D-52B44F1024EF}.Debug|Any CPU.Build.0 = Debug|Any CPU
		{33478D4E-5C81-4E98-AB7D-52B44F1024EF}.Release|Any CPU.ActiveCfg = Release|Any CPU
		{33478D4E-5C81-4E98-AB7D-52B44F1024EF}.Release|Any CPU.Build.0 = Release|Any CPU
	EndGlobalSection
	GlobalSection(SolutionProperties) = preSolution
		HideSolutionNode = FALSE
	EndGlobalSection
	GlobalSection(ExtensibilityGlobals) = postSolution
		SolutionGuid = {3403A37F-D8C6-48F2-A6DF-46D59F23DC08}
	EndGlobalSection
EndGlobal
